
Microsoft Visual Studio Solution File, Format Version 12.00
# Visual Studio Version 16
VisualStudioVersion = 16.0.30907.101
MinimumVisualStudioVersion = 10.0.40219.1
Project("{FAE04EC0-301F-11D3-BF4B-00C04F79EFBC}") = "WindowsFormPdvUth2021", "WindowsFormPdvUth2021\WindowsFormPdvUth2021.csproj", "{D713C672-E5C3-49B7-B7DE-C207E5E33DB5}"
EndProject
Project("{FAE04EC0-301F-11D3-BF4B-00C04F79EFBC}") = "LibPdvUth2021", "LibPdvUth2021\LibPdvUth2021.csproj", "{4E31F441-EEA1-410F-9912-B442B942EBBB}"
EndProject
Project("{FAE04EC0-301F-11D3-BF4B-00C04F79EFBC}") = "LibBD", "LibBD\LibBD.csproj", "{10ED8EA2-BE7C-46C0-A2AA-A264513C8B61}"
EndProject
Global
	GlobalSection(SolutionConfigurationPlatforms) = preSolution
		Debug|Any CPU = Debug|Any CPU
		Release|Any CPU = Release|Any CPU
	EndGlobalSection
	GlobalSection(ProjectConfigurationPlatforms) = postSolution
		{D713C672-E5C3-49B7-B7DE-C207E5E33DB5}.Debug|Any CPU.ActiveCfg = Debug|Any CPU
		{D713C672-E5C3-49B7-B7DE-C207E5E33DB5}.Debug|Any CPU.Build.0 = Debug|Any CPU
		{D713C672-E5C3-49B7-B7DE-C207E5E33DB5}.Release|Any CPU.ActiveCfg = Release|Any CPU
		{D713C672-E5C3-49B7-B7DE-C207E5E33DB5}.Release|Any CPU.Build.0 = Release|Any CPU
		{4E31F441-EEA1-410F-9912-B442B942EBBB}.Debug|Any CPU.ActiveCfg = Debug|Any CPU
		{4E31F441-EEA1-410F-9912-B442B942EBBB}.Debug|Any CPU.Build.0 = Debug|Any CPU
		{4E31F441-EEA1-410F-9912-B442B942EBBB}.Release|Any CPU.ActiveCfg = Release|Any CPU
		{4E31F441-EEA1-410F-9912-B442B942EBBB}.Release|Any CPU.Build.0 = Release|Any CPU
		{10ED8EA2-BE7C-46C0-A2AA-A264513C8B61}.Debug|Any CPU.ActiveCfg = Debug|Any CPU
		{10ED8EA2-BE7C-46C0-A2AA-A264513C8B61}.Debug|Any CPU.Build.0 = Debug|Any CPU
		{10ED8EA2-BE7C-46C0-A2AA-A264513C8B61}.Release|Any CPU.ActiveCfg = Release|Any CPU
		{10ED8EA2-BE7C-46C0-A2AA-A264513C8B61}.Release|Any CPU.Build.0 = Release|Any CPU
	EndGlobalSection
	GlobalSection(SolutionProperties) = preSolution
		HideSolutionNode = FALSE
	EndGlobalSection
	GlobalSection(ExtensibilityGlobals) = postSolution
		SolutionGuid = {095540EB-E435-4A5F-8BBD-761E0EC7B2AB}
	EndGlobalSection
EndGlobal
